// !$*UTF8*$!
{
	archiveVersion = 1;
	classes = {
	};
	objectVersion = 46;
	objects = {

/* Begin PBXBuildFile section */
		831B796819B283C0009B9948 /* NMFoodsViewController.m in Sources */ = {isa = PBXBuildFile; fileRef = 831B796719B283C0009B9948 /* NMFoodsViewController.m */; };
		83291B0219B5242500524801 /* CoreVideo.framework in Frameworks */ = {isa = PBXBuildFile; fileRef = 83291B0119B5242500524801 /* CoreVideo.framework */; };
		83291B0419B5242B00524801 /* CoreImage.framework in Frameworks */ = {isa = PBXBuildFile; fileRef = 83291B0319B5242B00524801 /* CoreImage.framework */; };
		83291B0619B5243600524801 /* Security.framework in Frameworks */ = {isa = PBXBuildFile; fileRef = 83291B0519B5243600524801 /* Security.framework */; };
		8332FC0F19B3D447000D56AB /* Models.xcdatamodeld in Sources */ = {isa = PBXBuildFile; fileRef = 8332FC0D19B3D447000D56AB /* Models.xcdatamodeld */; };
		83D6A9E119B822B8009A6D9B /* _NMFood.m in Sources */ = {isa = PBXBuildFile; fileRef = 83D6A9D619B822B8009A6D9B /* _NMFood.m */; settings = {COMPILER_FLAGS = "-fno-objc-arc"; }; };
		83D6A9E219B822B8009A6D9B /* _NMOrder.m in Sources */ = {isa = PBXBuildFile; fileRef = 83D6A9D819B822B8009A6D9B /* _NMOrder.m */; settings = {COMPILER_FLAGS = "-fno-objc-arc"; }; };
		83D6A9E319B822B8009A6D9B /* _NMUser.m in Sources */ = {isa = PBXBuildFile; fileRef = 83D6A9DA19B822B8009A6D9B /* _NMUser.m */; settings = {COMPILER_FLAGS = "-fno-objc-arc"; }; };
		83D6A9E419B822B8009A6D9B /* NMFood.m in Sources */ = {isa = PBXBuildFile; fileRef = 83D6A9DC19B822B8009A6D9B /* NMFood.m */; };
		83D6A9E519B822B8009A6D9B /* NMOrder.m in Sources */ = {isa = PBXBuildFile; fileRef = 83D6A9DE19B822B8009A6D9B /* NMOrder.m */; };
		83D6A9E619B822B8009A6D9B /* NMUser.m in Sources */ = {isa = PBXBuildFile; fileRef = 83D6A9E019B822B8009A6D9B /* NMUser.m */; };
		83D6A9E819B822F7009A6D9B /* CoreData.framework in Frameworks */ = {isa = PBXBuildFile; fileRef = 83D6A9E719B822F7009A6D9B /* CoreData.framework */; };
		83D6A9EC19B82A5B009A6D9B /* NMApi.m in Sources */ = {isa = PBXBuildFile; fileRef = 83D6A9EB19B82A5B009A6D9B /* NMApi.m */; };
		83FB6D0119B57D6700B808B6 /* NMOrderFoodOrderButtonCell.m in Sources */ = {isa = PBXBuildFile; fileRef = 83FB6D0019B57D6700B808B6 /* NMOrderFoodOrderButtonCell.m */; };
		8432350431CD4E7F966D30A5 /* libPods-nommit.a in Frameworks */ = {isa = PBXBuildFile; fileRef = 8C5EC20A77F7494E9C07D482 /* libPods-nommit.a */; };
		8D51D29019B3A3DD00920F69 /* MEExpandableHeaderView.m in Sources */ = {isa = PBXBuildFile; fileRef = 8D51D28F19B3A3DD00920F69 /* MEExpandableHeaderView.m */; };
		8D51D29419B3A43F00920F69 /* UIImage+ImageEffects.m in Sources */ = {isa = PBXBuildFile; fileRef = 8D51D29319B3A43F00920F69 /* UIImage+ImageEffects.m */; };
		8D51D29719B3BA9900920F69 /* NMOrderFoodInfoCell.m in Sources */ = {isa = PBXBuildFile; fileRef = 8D51D29619B3BA9900920F69 /* NMOrderFoodInfoCell.m */; };
		8D51D29D19B509B400920F69 /* NMOrderFoodProgressCell.m in Sources */ = {isa = PBXBuildFile; fileRef = 8D51D29C19B509B400920F69 /* NMOrderFoodProgressCell.m */; };
		8D51D2A019B51E3000920F69 /* NMOrderFoodDeliveryDetailsCell.m in Sources */ = {isa = PBXBuildFile; fileRef = 8D51D29F19B51E3000920F69 /* NMOrderFoodDeliveryDetailsCell.m */; };
		8D51D2A919B58DA500920F69 /* NMItemsCollectionViewController.m in Sources */ = {isa = PBXBuildFile; fileRef = 8D51D2A819B58DA500920F69 /* NMItemsCollectionViewController.m */; };
		8D51D2AC19B6382D00920F69 /* NMMiniItemView.m in Sources */ = {isa = PBXBuildFile; fileRef = 8D51D2AB19B6382D00920F69 /* NMMiniItemView.m */; };
		8D51D2AF19B6418000920F69 /* NMCollectionHeaderView.m in Sources */ = {isa = PBXBuildFile; fileRef = 8D51D2AE19B6418000920F69 /* NMCollectionHeaderView.m */; };
		8D51D2B319B6688200920F69 /* NMMenuViewController.m in Sources */ = {isa = PBXBuildFile; fileRef = 8D51D2B219B6688200920F69 /* NMMenuViewController.m */; };
		8D51D2B619B6690900920F69 /* NMMenuNavigationController.m in Sources */ = {isa = PBXBuildFile; fileRef = 8D51D2B519B6690900920F69 /* NMMenuNavigationController.m */; };
		8D51D2B819B66D0100920F69 /* Accelerate.framework in Frameworks */ = {isa = PBXBuildFile; fileRef = 8D51D2B719B66D0100920F69 /* Accelerate.framework */; };
		8D51D2BB19B6A28700920F69 /* NMRibbonCell.m in Sources */ = {isa = PBXBuildFile; fileRef = 8D51D2BA19B6A28700920F69 /* NMRibbonCell.m */; };
		8D51D2BE19B6A92000920F69 /* CHDigitInput.m in Sources */ = {isa = PBXBuildFile; fileRef = 8D51D2BD19B6A92000920F69 /* CHDigitInput.m */; };
		8DD3FC3119B2512900DAFCDB /* Foundation.framework in Frameworks */ = {isa = PBXBuildFile; fileRef = 8DD3FC3019B2512900DAFCDB /* Foundation.framework */; };
		8DD3FC3319B2512900DAFCDB /* CoreGraphics.framework in Frameworks */ = {isa = PBXBuildFile; fileRef = 8DD3FC3219B2512900DAFCDB /* CoreGraphics.framework */; };
		8DD3FC3519B2512900DAFCDB /* UIKit.framework in Frameworks */ = {isa = PBXBuildFile; fileRef = 8DD3FC3419B2512900DAFCDB /* UIKit.framework */; };
		8DD3FC3B19B2512900DAFCDB /* InfoPlist.strings in Resources */ = {isa = PBXBuildFile; fileRef = 8DD3FC3919B2512900DAFCDB /* InfoPlist.strings */; };
		8DD3FC3D19B2512900DAFCDB /* main.m in Sources */ = {isa = PBXBuildFile; fileRef = 8DD3FC3C19B2512900DAFCDB /* main.m */; };
		8DD3FC4119B2512900DAFCDB /* NMAppDelegate.m in Sources */ = {isa = PBXBuildFile; fileRef = 8DD3FC4019B2512900DAFCDB /* NMAppDelegate.m */; };
		8DD3FC4319B2512900DAFCDB /* Images.xcassets in Resources */ = {isa = PBXBuildFile; fileRef = 8DD3FC4219B2512900DAFCDB /* Images.xcassets */; };
		8DD3FC4A19B2512900DAFCDB /* XCTest.framework in Frameworks */ = {isa = PBXBuildFile; fileRef = 8DD3FC4919B2512900DAFCDB /* XCTest.framework */; };
		8DD3FC4B19B2512900DAFCDB /* Foundation.framework in Frameworks */ = {isa = PBXBuildFile; fileRef = 8DD3FC3019B2512900DAFCDB /* Foundation.framework */; };
		8DD3FC4C19B2512900DAFCDB /* UIKit.framework in Frameworks */ = {isa = PBXBuildFile; fileRef = 8DD3FC3419B2512900DAFCDB /* UIKit.framework */; };
		8DD3FC5419B2512900DAFCDB /* InfoPlist.strings in Resources */ = {isa = PBXBuildFile; fileRef = 8DD3FC5219B2512900DAFCDB /* InfoPlist.strings */; };
		8DD3FC5619B2512900DAFCDB /* nommitTests.m in Sources */ = {isa = PBXBuildFile; fileRef = 8DD3FC5519B2512900DAFCDB /* nommitTests.m */; };
		8DD3FC6C19B258F700DAFCDB /* NMColors.m in Sources */ = {isa = PBXBuildFile; fileRef = 8DD3FC6B19B258F700DAFCDB /* NMColors.m */; };
		8DEED50519B2669F00EE227A /* NMCollectionViewSmallLayout.m in Sources */ = {isa = PBXBuildFile; fileRef = 8DEED50419B2669F00EE227A /* NMCollectionViewSmallLayout.m */; };
		8DEED50819B2673A00EE227A /* NMCollectionViewLargeLayout.m in Sources */ = {isa = PBXBuildFile; fileRef = 8DEED50719B2673A00EE227A /* NMCollectionViewLargeLayout.m */; };
		8DEED50F19B267A000EE227A /* HATransitionController.m in Sources */ = {isa = PBXBuildFile; fileRef = 8DEED50C19B267A000EE227A /* HATransitionController.m */; };
		8DEED51019B267A000EE227A /* HATransitionLayout.m in Sources */ = {isa = PBXBuildFile; fileRef = 8DEED50E19B267A000EE227A /* HATransitionLayout.m */; };
		8DEED51C19B270D700EE227A /* NMFoodCell.m in Sources */ = {isa = PBXBuildFile; fileRef = 8DEED51B19B270D700EE227A /* NMFoodCell.m */; };
		8DEED51F19B299A000EE227A /* NMOrderFoodViewController.m in Sources */ = {isa = PBXBuildFile; fileRef = 8DEED51E19B299A000EE227A /* NMOrderFoodViewController.m */; };
		8DEED52719B29B0D00EE227A /* NMFoodItem.m in Sources */ = {isa = PBXBuildFile; fileRef = 8DEED52619B29B0D00EE227A /* NMFoodItem.m */; };
/* End PBXBuildFile section */

/* Begin PBXContainerItemProxy section */
		8DD3FC4D19B2512900DAFCDB /* PBXContainerItemProxy */ = {
			isa = PBXContainerItemProxy;
			containerPortal = 8DD3FC2519B2512900DAFCDB /* Project object */;
			proxyType = 1;
			remoteGlobalIDString = 8DD3FC2C19B2512900DAFCDB;
			remoteInfo = nommit;
		};
/* End PBXContainerItemProxy section */

/* Begin PBXFileReference section */
		831B796619B283C0009B9948 /* NMFoodsViewController.h */ = {isa = PBXFileReference; fileEncoding = 4; lastKnownFileType = sourcecode.c.h; name = NMFoodsViewController.h; path = "untitled folder/NMFoodsViewController.h"; sourceTree = "<group>"; };
		831B796719B283C0009B9948 /* NMFoodsViewController.m */ = {isa = PBXFileReference; fileEncoding = 4; lastKnownFileType = sourcecode.c.objc; name = NMFoodsViewController.m; path = "untitled folder/NMFoodsViewController.m"; sourceTree = "<group>"; };
		83291B0119B5242500524801 /* CoreVideo.framework */ = {isa = PBXFileReference; lastKnownFileType = wrapper.framework; name = CoreVideo.framework; path = System/Library/Frameworks/CoreVideo.framework; sourceTree = SDKROOT; };
		83291B0319B5242B00524801 /* CoreImage.framework */ = {isa = PBXFileReference; lastKnownFileType = wrapper.framework; name = CoreImage.framework; path = System/Library/Frameworks/CoreImage.framework; sourceTree = SDKROOT; };
		83291B0519B5243600524801 /* Security.framework */ = {isa = PBXFileReference; lastKnownFileType = wrapper.framework; name = Security.framework; path = System/Library/Frameworks/Security.framework; sourceTree = SDKROOT; };
		8332FC0E19B3D447000D56AB /* Current.xcdatamodel */ = {isa = PBXFileReference; lastKnownFileType = wrapper.xcdatamodel; path = Current.xcdatamodel; sourceTree = "<group>"; };
		83D6A9D419B821BD009A6D9B /* V1.xcdatamodel */ = {isa = PBXFileReference; lastKnownFileType = wrapper.xcdatamodel; path = V1.xcdatamodel; sourceTree = "<group>"; };
		83D6A9D519B822B8009A6D9B /* _NMFood.h */ = {isa = PBXFileReference; fileEncoding = 4; lastKnownFileType = sourcecode.c.h; name = _NMFood.h; path = Model/_NMFood.h; sourceTree = "<group>"; };
		83D6A9D619B822B8009A6D9B /* _NMFood.m */ = {isa = PBXFileReference; fileEncoding = 4; lastKnownFileType = sourcecode.c.objc; name = _NMFood.m; path = Model/_NMFood.m; sourceTree = "<group>"; };
		83D6A9D719B822B8009A6D9B /* _NMOrder.h */ = {isa = PBXFileReference; fileEncoding = 4; lastKnownFileType = sourcecode.c.h; name = _NMOrder.h; path = Model/_NMOrder.h; sourceTree = "<group>"; };
		83D6A9D819B822B8009A6D9B /* _NMOrder.m */ = {isa = PBXFileReference; fileEncoding = 4; lastKnownFileType = sourcecode.c.objc; name = _NMOrder.m; path = Model/_NMOrder.m; sourceTree = "<group>"; };
		83D6A9D919B822B8009A6D9B /* _NMUser.h */ = {isa = PBXFileReference; fileEncoding = 4; lastKnownFileType = sourcecode.c.h; name = _NMUser.h; path = Model/_NMUser.h; sourceTree = "<group>"; };
		83D6A9DA19B822B8009A6D9B /* _NMUser.m */ = {isa = PBXFileReference; fileEncoding = 4; lastKnownFileType = sourcecode.c.objc; name = _NMUser.m; path = Model/_NMUser.m; sourceTree = "<group>"; };
		83D6A9DB19B822B8009A6D9B /* NMFood.h */ = {isa = PBXFileReference; fileEncoding = 4; lastKnownFileType = sourcecode.c.h; name = NMFood.h; path = Model/NMFood.h; sourceTree = "<group>"; };
		83D6A9DC19B822B8009A6D9B /* NMFood.m */ = {isa = PBXFileReference; fileEncoding = 4; lastKnownFileType = sourcecode.c.objc; name = NMFood.m; path = Model/NMFood.m; sourceTree = "<group>"; };
		83D6A9DD19B822B8009A6D9B /* NMOrder.h */ = {isa = PBXFileReference; fileEncoding = 4; lastKnownFileType = sourcecode.c.h; name = NMOrder.h; path = Model/NMOrder.h; sourceTree = "<group>"; };
		83D6A9DE19B822B8009A6D9B /* NMOrder.m */ = {isa = PBXFileReference; fileEncoding = 4; lastKnownFileType = sourcecode.c.objc; name = NMOrder.m; path = Model/NMOrder.m; sourceTree = "<group>"; };
		83D6A9DF19B822B8009A6D9B /* NMUser.h */ = {isa = PBXFileReference; fileEncoding = 4; lastKnownFileType = sourcecode.c.h; name = NMUser.h; path = Model/NMUser.h; sourceTree = "<group>"; };
		83D6A9E019B822B8009A6D9B /* NMUser.m */ = {isa = PBXFileReference; fileEncoding = 4; lastKnownFileType = sourcecode.c.objc; name = NMUser.m; path = Model/NMUser.m; sourceTree = "<group>"; };
		83D6A9E719B822F7009A6D9B /* CoreData.framework */ = {isa = PBXFileReference; lastKnownFileType = wrapper.framework; name = CoreData.framework; path = System/Library/Frameworks/CoreData.framework; sourceTree = SDKROOT; };
		83D6A9EA19B82A5B009A6D9B /* NMApi.h */ = {isa = PBXFileReference; fileEncoding = 4; lastKnownFileType = sourcecode.c.h; path = NMApi.h; sourceTree = "<group>"; };
		83D6A9EB19B82A5B009A6D9B /* NMApi.m */ = {isa = PBXFileReference; fileEncoding = 4; lastKnownFileType = sourcecode.c.objc; path = NMApi.m; sourceTree = "<group>"; };
		83FB6CFF19B57D6700B808B6 /* NMOrderFoodOrderButtonCell.h */ = {isa = PBXFileReference; fileEncoding = 4; lastKnownFileType = sourcecode.c.h; path = NMOrderFoodOrderButtonCell.h; sourceTree = "<group>"; };
		83FB6D0019B57D6700B808B6 /* NMOrderFoodOrderButtonCell.m */ = {isa = PBXFileReference; fileEncoding = 4; lastKnownFileType = sourcecode.c.objc; path = NMOrderFoodOrderButtonCell.m; sourceTree = "<group>"; };
		8C5EC20A77F7494E9C07D482 /* libPods-nommit.a */ = {isa = PBXFileReference; explicitFileType = archive.ar; includeInIndex = 0; path = "libPods-nommit.a"; sourceTree = BUILT_PRODUCTS_DIR; };
		8D51D28E19B3A3DD00920F69 /* MEExpandableHeaderView.h */ = {isa = PBXFileReference; fileEncoding = 4; lastKnownFileType = sourcecode.c.h; name = MEExpandableHeaderView.h; path = Libraries/MEExpandableHeaderView.h; sourceTree = "<group>"; };
		8D51D28F19B3A3DD00920F69 /* MEExpandableHeaderView.m */ = {isa = PBXFileReference; fileEncoding = 4; lastKnownFileType = sourcecode.c.objc; name = MEExpandableHeaderView.m; path = Libraries/MEExpandableHeaderView.m; sourceTree = "<group>"; };
		8D51D29219B3A43F00920F69 /* UIImage+ImageEffects.h */ = {isa = PBXFileReference; fileEncoding = 4; lastKnownFileType = sourcecode.c.h; name = "UIImage+ImageEffects.h"; path = "Libraries/UIImage+ImageEffects.h"; sourceTree = "<group>"; };
		8D51D29319B3A43F00920F69 /* UIImage+ImageEffects.m */ = {isa = PBXFileReference; fileEncoding = 4; lastKnownFileType = sourcecode.c.objc; name = "UIImage+ImageEffects.m"; path = "Libraries/UIImage+ImageEffects.m"; sourceTree = "<group>"; };
		8D51D29519B3BA9900920F69 /* NMOrderFoodInfoCell.h */ = {isa = PBXFileReference; fileEncoding = 4; lastKnownFileType = sourcecode.c.h; name = NMOrderFoodInfoCell.h; path = Views/NMOrderFoodInfoCell.h; sourceTree = "<group>"; };
		8D51D29619B3BA9900920F69 /* NMOrderFoodInfoCell.m */ = {isa = PBXFileReference; fileEncoding = 4; lastKnownFileType = sourcecode.c.objc; name = NMOrderFoodInfoCell.m; path = Views/NMOrderFoodInfoCell.m; sourceTree = "<group>"; };
		8D51D29B19B509B400920F69 /* NMOrderFoodProgressCell.h */ = {isa = PBXFileReference; fileEncoding = 4; lastKnownFileType = sourcecode.c.h; name = NMOrderFoodProgressCell.h; path = Views/NMOrderFoodProgressCell.h; sourceTree = "<group>"; };
		8D51D29C19B509B400920F69 /* NMOrderFoodProgressCell.m */ = {isa = PBXFileReference; fileEncoding = 4; lastKnownFileType = sourcecode.c.objc; name = NMOrderFoodProgressCell.m; path = Views/NMOrderFoodProgressCell.m; sourceTree = "<group>"; };
		8D51D29E19B51E3000920F69 /* NMOrderFoodDeliveryDetailsCell.h */ = {isa = PBXFileReference; fileEncoding = 4; lastKnownFileType = sourcecode.c.h; name = NMOrderFoodDeliveryDetailsCell.h; path = Views/NMOrderFoodDeliveryDetailsCell.h; sourceTree = "<group>"; };
		8D51D29F19B51E3000920F69 /* NMOrderFoodDeliveryDetailsCell.m */ = {isa = PBXFileReference; fileEncoding = 4; lastKnownFileType = sourcecode.c.objc; name = NMOrderFoodDeliveryDetailsCell.m; path = Views/NMOrderFoodDeliveryDetailsCell.m; sourceTree = "<group>"; };
		8D51D2A719B58DA500920F69 /* NMItemsCollectionViewController.h */ = {isa = PBXFileReference; fileEncoding = 4; lastKnownFileType = sourcecode.c.h; name = NMItemsCollectionViewController.h; path = "untitled folder/NMItemsCollectionViewController.h"; sourceTree = "<group>"; };
		8D51D2A819B58DA500920F69 /* NMItemsCollectionViewController.m */ = {isa = PBXFileReference; fileEncoding = 4; lastKnownFileType = sourcecode.c.objc; name = NMItemsCollectionViewController.m; path = "untitled folder/NMItemsCollectionViewController.m"; sourceTree = "<group>"; };
		8D51D2AA19B6382D00920F69 /* NMMiniItemView.h */ = {isa = PBXFileReference; fileEncoding = 4; lastKnownFileType = sourcecode.c.h; name = NMMiniItemView.h; path = Views/NMMiniItemView.h; sourceTree = "<group>"; };
		8D51D2AB19B6382D00920F69 /* NMMiniItemView.m */ = {isa = PBXFileReference; fileEncoding = 4; lastKnownFileType = sourcecode.c.objc; name = NMMiniItemView.m; path = Views/NMMiniItemView.m; sourceTree = "<group>"; };
		8D51D2AD19B6418000920F69 /* NMCollectionHeaderView.h */ = {isa = PBXFileReference; fileEncoding = 4; lastKnownFileType = sourcecode.c.h; name = NMCollectionHeaderView.h; path = Cells/NMCollectionHeaderView.h; sourceTree = "<group>"; };
		8D51D2AE19B6418000920F69 /* NMCollectionHeaderView.m */ = {isa = PBXFileReference; fileEncoding = 4; lastKnownFileType = sourcecode.c.objc; name = NMCollectionHeaderView.m; path = Cells/NMCollectionHeaderView.m; sourceTree = "<group>"; };
		8D51D2B119B6688200920F69 /* NMMenuViewController.h */ = {isa = PBXFileReference; fileEncoding = 4; lastKnownFileType = sourcecode.c.h; name = NMMenuViewController.h; path = "Sliding Menu/NMMenuViewController.h"; sourceTree = "<group>"; };
		8D51D2B219B6688200920F69 /* NMMenuViewController.m */ = {isa = PBXFileReference; fileEncoding = 4; lastKnownFileType = sourcecode.c.objc; name = NMMenuViewController.m; path = "Sliding Menu/NMMenuViewController.m"; sourceTree = "<group>"; };
		8D51D2B419B6690900920F69 /* NMMenuNavigationController.h */ = {isa = PBXFileReference; fileEncoding = 4; lastKnownFileType = sourcecode.c.h; name = NMMenuNavigationController.h; path = "Sliding Menu/NMMenuNavigationController.h"; sourceTree = "<group>"; };
		8D51D2B519B6690900920F69 /* NMMenuNavigationController.m */ = {isa = PBXFileReference; fileEncoding = 4; lastKnownFileType = sourcecode.c.objc; name = NMMenuNavigationController.m; path = "Sliding Menu/NMMenuNavigationController.m"; sourceTree = "<group>"; };
		8D51D2B719B66D0100920F69 /* Accelerate.framework */ = {isa = PBXFileReference; lastKnownFileType = wrapper.framework; name = Accelerate.framework; path = System/Library/Frameworks/Accelerate.framework; sourceTree = SDKROOT; };
		8D51D2B919B6A28700920F69 /* NMRibbonCell.h */ = {isa = PBXFileReference; fileEncoding = 4; lastKnownFileType = sourcecode.c.h; name = NMRibbonCell.h; path = Cells/NMRibbonCell.h; sourceTree = "<group>"; };
		8D51D2BA19B6A28700920F69 /* NMRibbonCell.m */ = {isa = PBXFileReference; fileEncoding = 4; lastKnownFileType = sourcecode.c.objc; name = NMRibbonCell.m; path = Cells/NMRibbonCell.m; sourceTree = "<group>"; };
		8D51D2BC19B6A92000920F69 /* CHDigitInput.h */ = {isa = PBXFileReference; fileEncoding = 4; lastKnownFileType = sourcecode.c.h; name = CHDigitInput.h; path = Libraries/CHDigitInput.h; sourceTree = "<group>"; };
		8D51D2BD19B6A92000920F69 /* CHDigitInput.m */ = {isa = PBXFileReference; fileEncoding = 4; lastKnownFileType = sourcecode.c.objc; name = CHDigitInput.m; path = Libraries/CHDigitInput.m; sourceTree = "<group>"; };
		8DD3FC2D19B2512900DAFCDB /* nommit.app */ = {isa = PBXFileReference; explicitFileType = wrapper.application; includeInIndex = 0; path = nommit.app; sourceTree = BUILT_PRODUCTS_DIR; };
		8DD3FC3019B2512900DAFCDB /* Foundation.framework */ = {isa = PBXFileReference; lastKnownFileType = wrapper.framework; name = Foundation.framework; path = System/Library/Frameworks/Foundation.framework; sourceTree = SDKROOT; };
		8DD3FC3219B2512900DAFCDB /* CoreGraphics.framework */ = {isa = PBXFileReference; lastKnownFileType = wrapper.framework; name = CoreGraphics.framework; path = System/Library/Frameworks/CoreGraphics.framework; sourceTree = SDKROOT; };
		8DD3FC3419B2512900DAFCDB /* UIKit.framework */ = {isa = PBXFileReference; lastKnownFileType = wrapper.framework; name = UIKit.framework; path = System/Library/Frameworks/UIKit.framework; sourceTree = SDKROOT; };
		8DD3FC3819B2512900DAFCDB /* nommit-Info.plist */ = {isa = PBXFileReference; lastKnownFileType = text.plist.xml; path = "nommit-Info.plist"; sourceTree = "<group>"; };
		8DD3FC3A19B2512900DAFCDB /* en */ = {isa = PBXFileReference; lastKnownFileType = text.plist.strings; name = en; path = en.lproj/InfoPlist.strings; sourceTree = "<group>"; };
		8DD3FC3C19B2512900DAFCDB /* main.m */ = {isa = PBXFileReference; lastKnownFileType = sourcecode.c.objc; path = main.m; sourceTree = "<group>"; };
		8DD3FC3E19B2512900DAFCDB /* nommit-Prefix.pch */ = {isa = PBXFileReference; lastKnownFileType = sourcecode.c.h; path = "nommit-Prefix.pch"; sourceTree = "<group>"; };
		8DD3FC3F19B2512900DAFCDB /* NMAppDelegate.h */ = {isa = PBXFileReference; lastKnownFileType = sourcecode.c.h; path = NMAppDelegate.h; sourceTree = "<group>"; };
		8DD3FC4019B2512900DAFCDB /* NMAppDelegate.m */ = {isa = PBXFileReference; lastKnownFileType = sourcecode.c.objc; path = NMAppDelegate.m; sourceTree = "<group>"; };
		8DD3FC4219B2512900DAFCDB /* Images.xcassets */ = {isa = PBXFileReference; lastKnownFileType = folder.assetcatalog; path = Images.xcassets; sourceTree = "<group>"; };
		8DD3FC4819B2512900DAFCDB /* nommitTests.xctest */ = {isa = PBXFileReference; explicitFileType = wrapper.cfbundle; includeInIndex = 0; path = nommitTests.xctest; sourceTree = BUILT_PRODUCTS_DIR; };
		8DD3FC4919B2512900DAFCDB /* XCTest.framework */ = {isa = PBXFileReference; lastKnownFileType = wrapper.framework; name = XCTest.framework; path = Library/Frameworks/XCTest.framework; sourceTree = DEVELOPER_DIR; };
		8DD3FC5119B2512900DAFCDB /* nommitTests-Info.plist */ = {isa = PBXFileReference; lastKnownFileType = text.plist.xml; path = "nommitTests-Info.plist"; sourceTree = "<group>"; };
		8DD3FC5319B2512900DAFCDB /* en */ = {isa = PBXFileReference; lastKnownFileType = text.plist.strings; name = en; path = en.lproj/InfoPlist.strings; sourceTree = "<group>"; };
		8DD3FC5519B2512900DAFCDB /* nommitTests.m */ = {isa = PBXFileReference; lastKnownFileType = sourcecode.c.objc; path = nommitTests.m; sourceTree = "<group>"; };
		8DD3FC6A19B258F700DAFCDB /* NMColors.h */ = {isa = PBXFileReference; fileEncoding = 4; lastKnownFileType = sourcecode.c.h; name = NMColors.h; path = Constants/NMColors.h; sourceTree = "<group>"; };
		8DD3FC6B19B258F700DAFCDB /* NMColors.m */ = {isa = PBXFileReference; fileEncoding = 4; lastKnownFileType = sourcecode.c.objc; name = NMColors.m; path = Constants/NMColors.m; sourceTree = "<group>"; };
		8DEED50319B2669F00EE227A /* NMCollectionViewSmallLayout.h */ = {isa = PBXFileReference; fileEncoding = 4; lastKnownFileType = sourcecode.c.h; name = NMCollectionViewSmallLayout.h; path = "Custom Layout/NMCollectionViewSmallLayout.h"; sourceTree = "<group>"; };
		8DEED50419B2669F00EE227A /* NMCollectionViewSmallLayout.m */ = {isa = PBXFileReference; fileEncoding = 4; lastKnownFileType = sourcecode.c.objc; name = NMCollectionViewSmallLayout.m; path = "Custom Layout/NMCollectionViewSmallLayout.m"; sourceTree = "<group>"; };
		8DEED50619B2673A00EE227A /* NMCollectionViewLargeLayout.h */ = {isa = PBXFileReference; fileEncoding = 4; lastKnownFileType = sourcecode.c.h; name = NMCollectionViewLargeLayout.h; path = "Custom Layout/NMCollectionViewLargeLayout.h"; sourceTree = "<group>"; };
		8DEED50719B2673A00EE227A /* NMCollectionViewLargeLayout.m */ = {isa = PBXFileReference; fileEncoding = 4; lastKnownFileType = sourcecode.c.objc; name = NMCollectionViewLargeLayout.m; path = "Custom Layout/NMCollectionViewLargeLayout.m"; sourceTree = "<group>"; };
		8DEED50B19B267A000EE227A /* HATransitionController.h */ = {isa = PBXFileReference; fileEncoding = 4; lastKnownFileType = sourcecode.c.h; path = HATransitionController.h; sourceTree = "<group>"; };
		8DEED50C19B267A000EE227A /* HATransitionController.m */ = {isa = PBXFileReference; fileEncoding = 4; lastKnownFileType = sourcecode.c.objc; path = HATransitionController.m; sourceTree = "<group>"; };
		8DEED50D19B267A000EE227A /* HATransitionLayout.h */ = {isa = PBXFileReference; fileEncoding = 4; lastKnownFileType = sourcecode.c.h; path = HATransitionLayout.h; sourceTree = "<group>"; };
		8DEED50E19B267A000EE227A /* HATransitionLayout.m */ = {isa = PBXFileReference; fileEncoding = 4; lastKnownFileType = sourcecode.c.objc; path = HATransitionLayout.m; sourceTree = "<group>"; };
		8DEED51A19B270D700EE227A /* NMFoodCell.h */ = {isa = PBXFileReference; fileEncoding = 4; lastKnownFileType = sourcecode.c.h; name = NMFoodCell.h; path = Cells/NMFoodCell.h; sourceTree = "<group>"; };
		8DEED51B19B270D700EE227A /* NMFoodCell.m */ = {isa = PBXFileReference; fileEncoding = 4; lastKnownFileType = sourcecode.c.objc; name = NMFoodCell.m; path = Cells/NMFoodCell.m; sourceTree = "<group>"; };
		8DEED51D19B299A000EE227A /* NMOrderFoodViewController.h */ = {isa = PBXFileReference; fileEncoding = 4; lastKnownFileType = sourcecode.c.h; name = NMOrderFoodViewController.h; path = "untitled folder/NMOrderFoodViewController.h"; sourceTree = "<group>"; };
		8DEED51E19B299A000EE227A /* NMOrderFoodViewController.m */ = {isa = PBXFileReference; fileEncoding = 4; lastKnownFileType = sourcecode.c.objc; name = NMOrderFoodViewController.m; path = "untitled folder/NMOrderFoodViewController.m"; sourceTree = "<group>"; };
		8DEED52519B29B0D00EE227A /* NMFoodItem.h */ = {isa = PBXFileReference; fileEncoding = 4; lastKnownFileType = sourcecode.c.h; name = NMFoodItem.h; path = Model/NMFoodItem.h; sourceTree = "<group>"; };
		8DEED52619B29B0D00EE227A /* NMFoodItem.m */ = {isa = PBXFileReference; fileEncoding = 4; lastKnownFileType = sourcecode.c.objc; name = NMFoodItem.m; path = Model/NMFoodItem.m; sourceTree = "<group>"; };
		D2FDA88EF48045A4AE4BAF69 /* Pods-nommit.xcconfig */ = {isa = PBXFileReference; includeInIndex = 1; lastKnownFileType = text.xcconfig; name = "Pods-nommit.xcconfig"; path = "Pods/Pods-nommit.xcconfig"; sourceTree = "<group>"; };
/* End PBXFileReference section */

/* Begin PBXFrameworksBuildPhase section */
		8DD3FC2A19B2512900DAFCDB /* Frameworks */ = {
			isa = PBXFrameworksBuildPhase;
			buildActionMask = 2147483647;
			files = (
				83D6A9E819B822F7009A6D9B /* CoreData.framework in Frameworks */,
				8D51D2B819B66D0100920F69 /* Accelerate.framework in Frameworks */,
				83291B0619B5243600524801 /* Security.framework in Frameworks */,
				83291B0419B5242B00524801 /* CoreImage.framework in Frameworks */,
				83291B0219B5242500524801 /* CoreVideo.framework in Frameworks */,
				8DD3FC3319B2512900DAFCDB /* CoreGraphics.framework in Frameworks */,
				8DD3FC3519B2512900DAFCDB /* UIKit.framework in Frameworks */,
				8DD3FC3119B2512900DAFCDB /* Foundation.framework in Frameworks */,
				8432350431CD4E7F966D30A5 /* libPods-nommit.a in Frameworks */,
			);
			runOnlyForDeploymentPostprocessing = 0;
		};
		8DD3FC4519B2512900DAFCDB /* Frameworks */ = {
			isa = PBXFrameworksBuildPhase;
			buildActionMask = 2147483647;
			files = (
				8DD3FC4A19B2512900DAFCDB /* XCTest.framework in Frameworks */,
				8DD3FC4C19B2512900DAFCDB /* UIKit.framework in Frameworks */,
				8DD3FC4B19B2512900DAFCDB /* Foundation.framework in Frameworks */,
			);
			runOnlyForDeploymentPostprocessing = 0;
		};
/* End PBXFrameworksBuildPhase section */

/* Begin PBXGroup section */
		83D6A9E919B82A47009A6D9B /* API */ = {
			isa = PBXGroup;
			children = (
				83D6A9EA19B82A5B009A6D9B /* NMApi.h */,
				83D6A9EB19B82A5B009A6D9B /* NMApi.m */,
			);
			name = API;
			sourceTree = "<group>";
		};
		8D51D28D19B3A3C200920F69 /* Libraries */ = {
			isa = PBXGroup;
			children = (
				8D51D29219B3A43F00920F69 /* UIImage+ImageEffects.h */,
				8D51D29319B3A43F00920F69 /* UIImage+ImageEffects.m */,
				8D51D28E19B3A3DD00920F69 /* MEExpandableHeaderView.h */,
				8D51D28F19B3A3DD00920F69 /* MEExpandableHeaderView.m */,
				8D51D2BC19B6A92000920F69 /* CHDigitInput.h */,
				8D51D2BD19B6A92000920F69 /* CHDigitInput.m */,
			);
			name = Libraries;
			sourceTree = "<group>";
		};
		8D51D2B019B6686E00920F69 /* Sliding Menu */ = {
			isa = PBXGroup;
			children = (
				8D51D2B119B6688200920F69 /* NMMenuViewController.h */,
				8D51D2B219B6688200920F69 /* NMMenuViewController.m */,
				8D51D2B419B6690900920F69 /* NMMenuNavigationController.h */,
				8D51D2B519B6690900920F69 /* NMMenuNavigationController.m */,
			);
			name = "Sliding Menu";
			sourceTree = "<group>";
		};
		8DD3FC2419B2512900DAFCDB = {
			isa = PBXGroup;
			children = (
				8DD3FC3619B2512900DAFCDB /* nommit */,
				8DD3FC4F19B2512900DAFCDB /* nommitTests */,
				8DD3FC2F19B2512900DAFCDB /* Frameworks */,
				8DD3FC2E19B2512900DAFCDB /* Products */,
				D2FDA88EF48045A4AE4BAF69 /* Pods-nommit.xcconfig */,
			);
			sourceTree = "<group>";
		};
		8DD3FC2E19B2512900DAFCDB /* Products */ = {
			isa = PBXGroup;
			children = (
				8DD3FC2D19B2512900DAFCDB /* nommit.app */,
				8DD3FC4819B2512900DAFCDB /* nommitTests.xctest */,
			);
			name = Products;
			sourceTree = "<group>";
		};
		8DD3FC2F19B2512900DAFCDB /* Frameworks */ = {
			isa = PBXGroup;
			children = (
				83D6A9E719B822F7009A6D9B /* CoreData.framework */,
				8D51D2B719B66D0100920F69 /* Accelerate.framework */,
				83291B0519B5243600524801 /* Security.framework */,
				83291B0319B5242B00524801 /* CoreImage.framework */,
				83291B0119B5242500524801 /* CoreVideo.framework */,
				8DD3FC3019B2512900DAFCDB /* Foundation.framework */,
				8DD3FC3219B2512900DAFCDB /* CoreGraphics.framework */,
				8DD3FC3419B2512900DAFCDB /* UIKit.framework */,
				8DD3FC4919B2512900DAFCDB /* XCTest.framework */,
				8C5EC20A77F7494E9C07D482 /* libPods-nommit.a */,
			);
			name = Frameworks;
			sourceTree = "<group>";
		};
		8DD3FC3619B2512900DAFCDB /* nommit */ = {
			isa = PBXGroup;
			children = (
				83D6A9E919B82A47009A6D9B /* API */,
				8D51D2B019B6686E00920F69 /* Sliding Menu */,
				8D51D28D19B3A3C200920F69 /* Libraries */,
				8DEED52419B29AFD00EE227A /* Model */,
				8DEED52019B299C000EE227A /* Views */,
				8DEED51919B270AE00EE227A /* Cells */,
				8DEED50A19B267A000EE227A /* Transition */,
				8DEED50219B2667E00EE227A /* Custom Layout */,
				8DD3FC6919B258CC00DAFCDB /* Constants */,
				8DD3FC5F19B2570D00DAFCDB /* Controllers */,
				8DD3FC3F19B2512900DAFCDB /* NMAppDelegate.h */,
				8DD3FC4019B2512900DAFCDB /* NMAppDelegate.m */,
				8DD3FC4219B2512900DAFCDB /* Images.xcassets */,
				8DD3FC3719B2512900DAFCDB /* Supporting Files */,
			);
			path = nommit;
			sourceTree = "<group>";
		};
		8DD3FC3719B2512900DAFCDB /* Supporting Files */ = {
			isa = PBXGroup;
			children = (
				8DD3FC3819B2512900DAFCDB /* nommit-Info.plist */,
				8DD3FC3919B2512900DAFCDB /* InfoPlist.strings */,
				8DD3FC3C19B2512900DAFCDB /* main.m */,
				8DD3FC3E19B2512900DAFCDB /* nommit-Prefix.pch */,
			);
			name = "Supporting Files";
			sourceTree = "<group>";
		};
		8DD3FC4F19B2512900DAFCDB /* nommitTests */ = {
			isa = PBXGroup;
			children = (
				8DD3FC5519B2512900DAFCDB /* nommitTests.m */,
				8DD3FC5019B2512900DAFCDB /* Supporting Files */,
			);
			path = nommitTests;
			sourceTree = "<group>";
		};
		8DD3FC5019B2512900DAFCDB /* Supporting Files */ = {
			isa = PBXGroup;
			children = (
				8DD3FC5119B2512900DAFCDB /* nommitTests-Info.plist */,
				8DD3FC5219B2512900DAFCDB /* InfoPlist.strings */,
			);
			name = "Supporting Files";
			sourceTree = "<group>";
		};
		8DD3FC5F19B2570D00DAFCDB /* Controllers */ = {
			isa = PBXGroup;
			children = (
				831B796619B283C0009B9948 /* NMFoodsViewController.h */,
				831B796719B283C0009B9948 /* NMFoodsViewController.m */,
				8DEED51D19B299A000EE227A /* NMOrderFoodViewController.h */,
				8DEED51E19B299A000EE227A /* NMOrderFoodViewController.m */,
				8D51D2A719B58DA500920F69 /* NMItemsCollectionViewController.h */,
				8D51D2A819B58DA500920F69 /* NMItemsCollectionViewController.m */,
			);
			name = Controllers;
			sourceTree = "<group>";
		};
		8DD3FC6919B258CC00DAFCDB /* Constants */ = {
			isa = PBXGroup;
			children = (
				8DD3FC6A19B258F700DAFCDB /* NMColors.h */,
				8DD3FC6B19B258F700DAFCDB /* NMColors.m */,
			);
			name = Constants;
			sourceTree = "<group>";
		};
		8DEED50219B2667E00EE227A /* Custom Layout */ = {
			isa = PBXGroup;
			children = (
				8DEED50319B2669F00EE227A /* NMCollectionViewSmallLayout.h */,
				8DEED50419B2669F00EE227A /* NMCollectionViewSmallLayout.m */,
				8DEED50619B2673A00EE227A /* NMCollectionViewLargeLayout.h */,
				8DEED50719B2673A00EE227A /* NMCollectionViewLargeLayout.m */,
			);
			name = "Custom Layout";
			sourceTree = "<group>";
		};
		8DEED50A19B267A000EE227A /* Transition */ = {
			isa = PBXGroup;
			children = (
				8DEED50B19B267A000EE227A /* HATransitionController.h */,
				8DEED50C19B267A000EE227A /* HATransitionController.m */,
				8DEED50D19B267A000EE227A /* HATransitionLayout.h */,
				8DEED50E19B267A000EE227A /* HATransitionLayout.m */,
			);
			path = Transition;
			sourceTree = "<group>";
		};
		8DEED51919B270AE00EE227A /* Cells */ = {
			isa = PBXGroup;
			children = (
				8D51D2AD19B6418000920F69 /* NMCollectionHeaderView.h */,
				8D51D2AE19B6418000920F69 /* NMCollectionHeaderView.m */,
				8D51D29519B3BA9900920F69 /* NMOrderFoodInfoCell.h */,
				8D51D29619B3BA9900920F69 /* NMOrderFoodInfoCell.m */,
				8D51D29B19B509B400920F69 /* NMOrderFoodProgressCell.h */,
				8D51D29C19B509B400920F69 /* NMOrderFoodProgressCell.m */,
				8D51D29E19B51E3000920F69 /* NMOrderFoodDeliveryDetailsCell.h */,
				8D51D29F19B51E3000920F69 /* NMOrderFoodDeliveryDetailsCell.m */,
				8DEED51A19B270D700EE227A /* NMFoodCell.h */,
				8DEED51B19B270D700EE227A /* NMFoodCell.m */,
				83FB6CFF19B57D6700B808B6 /* NMOrderFoodOrderButtonCell.h */,
				83FB6D0019B57D6700B808B6 /* NMOrderFoodOrderButtonCell.m */,
				8D51D2B919B6A28700920F69 /* NMRibbonCell.h */,
				8D51D2BA19B6A28700920F69 /* NMRibbonCell.m */,
			);
			name = Cells;
			sourceTree = "<group>";
		};
		8DEED52019B299C000EE227A /* Views */ = {
			isa = PBXGroup;
			children = (
				8D51D29519B3BA9900920F69 /* NMOrderFoodInfoCell.h */,
				8D51D29619B3BA9900920F69 /* NMOrderFoodInfoCell.m */,
				8D51D29B19B509B400920F69 /* NMOrderFoodProgressCell.h */,
				8D51D29C19B509B400920F69 /* NMOrderFoodProgressCell.m */,
				8D51D29E19B51E3000920F69 /* NMOrderFoodDeliveryDetailsCell.h */,
				8D51D29F19B51E3000920F69 /* NMOrderFoodDeliveryDetailsCell.m */,
				8D51D2AA19B6382D00920F69 /* NMMiniItemView.h */,
				8D51D2AB19B6382D00920F69 /* NMMiniItemView.m */,
			);
			name = Views;
			sourceTree = "<group>";
		};
		8DEED52419B29AFD00EE227A /* Model */ = {
			isa = PBXGroup;
			children = (
				83D6A9D519B822B8009A6D9B /* _NMFood.h */,
				83D6A9D619B822B8009A6D9B /* _NMFood.m */,
				83D6A9D719B822B8009A6D9B /* _NMOrder.h */,
				83D6A9D819B822B8009A6D9B /* _NMOrder.m */,
				83D6A9D919B822B8009A6D9B /* _NMUser.h */,
				83D6A9DA19B822B8009A6D9B /* _NMUser.m */,
				83D6A9DB19B822B8009A6D9B /* NMFood.h */,
				83D6A9DC19B822B8009A6D9B /* NMFood.m */,
				83D6A9DD19B822B8009A6D9B /* NMOrder.h */,
				83D6A9DE19B822B8009A6D9B /* NMOrder.m */,
				83D6A9DF19B822B8009A6D9B /* NMUser.h */,
				83D6A9E019B822B8009A6D9B /* NMUser.m */,
				8DEED52519B29B0D00EE227A /* NMFoodItem.h */,
				8DEED52619B29B0D00EE227A /* NMFoodItem.m */,
				8332FC0D19B3D447000D56AB /* Models.xcdatamodeld */,
			);
			name = Model;
			sourceTree = "<group>";
		};
/* End PBXGroup section */

/* Begin PBXNativeTarget section */
		8DD3FC2C19B2512900DAFCDB /* nommit */ = {
			isa = PBXNativeTarget;
			buildConfigurationList = 8DD3FC5919B2512900DAFCDB /* Build configuration list for PBXNativeTarget "nommit" */;
			buildPhases = (
				2ECB165F93014A138F7028E8 /* Check Pods Manifest.lock */,
				8DD3FC2919B2512900DAFCDB /* Sources */,
				8DD3FC2A19B2512900DAFCDB /* Frameworks */,
				8DD3FC2B19B2512900DAFCDB /* Resources */,
				DBA4CF18DA734625B24A115A /* Copy Pods Resources */,
			);
			buildRules = (
			);
			dependencies = (
			);
			name = nommit;
			productName = nommit;
			productReference = 8DD3FC2D19B2512900DAFCDB /* nommit.app */;
			productType = "com.apple.product-type.application";
		};
		8DD3FC4719B2512900DAFCDB /* nommitTests */ = {
			isa = PBXNativeTarget;
			buildConfigurationList = 8DD3FC5C19B2512900DAFCDB /* Build configuration list for PBXNativeTarget "nommitTests" */;
			buildPhases = (
				8DD3FC4419B2512900DAFCDB /* Sources */,
				8DD3FC4519B2512900DAFCDB /* Frameworks */,
				8DD3FC4619B2512900DAFCDB /* Resources */,
			);
			buildRules = (
			);
			dependencies = (
				8DD3FC4E19B2512900DAFCDB /* PBXTargetDependency */,
			);
			name = nommitTests;
			productName = nommitTests;
			productReference = 8DD3FC4819B2512900DAFCDB /* nommitTests.xctest */;
			productType = "com.apple.product-type.bundle.unit-test";
		};
/* End PBXNativeTarget section */

/* Begin PBXProject section */
		8DD3FC2519B2512900DAFCDB /* Project object */ = {
			isa = PBXProject;
			attributes = {
				CLASSPREFIX = NM;
				LastUpgradeCheck = 0510;
				ORGANIZATIONNAME = "Lucy Guo";
				TargetAttributes = {
					8DD3FC4719B2512900DAFCDB = {
						TestTargetID = 8DD3FC2C19B2512900DAFCDB;
					};
				};
			};
			buildConfigurationList = 8DD3FC2819B2512900DAFCDB /* Build configuration list for PBXProject "nommit" */;
			compatibilityVersion = "Xcode 3.2";
			developmentRegion = English;
			hasScannedForEncodings = 0;
			knownRegions = (
				en,
			);
			mainGroup = 8DD3FC2419B2512900DAFCDB;
			productRefGroup = 8DD3FC2E19B2512900DAFCDB /* Products */;
			projectDirPath = "";
			projectRoot = "";
			targets = (
				8DD3FC2C19B2512900DAFCDB /* nommit */,
				8DD3FC4719B2512900DAFCDB /* nommitTests */,
			);
		};
/* End PBXProject section */

/* Begin PBXResourcesBuildPhase section */
		8DD3FC2B19B2512900DAFCDB /* Resources */ = {
			isa = PBXResourcesBuildPhase;
			buildActionMask = 2147483647;
			files = (
				8DD3FC3B19B2512900DAFCDB /* InfoPlist.strings in Resources */,
				8DD3FC4319B2512900DAFCDB /* Images.xcassets in Resources */,
			);
			runOnlyForDeploymentPostprocessing = 0;
		};
		8DD3FC4619B2512900DAFCDB /* Resources */ = {
			isa = PBXResourcesBuildPhase;
			buildActionMask = 2147483647;
			files = (
				8DD3FC5419B2512900DAFCDB /* InfoPlist.strings in Resources */,
			);
			runOnlyForDeploymentPostprocessing = 0;
		};
/* End PBXResourcesBuildPhase section */

/* Begin PBXShellScriptBuildPhase section */
		2ECB165F93014A138F7028E8 /* Check Pods Manifest.lock */ = {
			isa = PBXShellScriptBuildPhase;
			buildActionMask = 2147483647;
			files = (
			);
			inputPaths = (
			);
			name = "Check Pods Manifest.lock";
			outputPaths = (
			);
			runOnlyForDeploymentPostprocessing = 0;
			shellPath = /bin/sh;
			shellScript = "diff \"${PODS_ROOT}/../Podfile.lock\" \"${PODS_ROOT}/Manifest.lock\" > /dev/null\nif [[ $? != 0 ]] ; then\n    cat << EOM\nerror: The sandbox is not in sync with the Podfile.lock. Run 'pod install' or update your CocoaPods installation.\nEOM\n    exit 1\nfi\n";
			showEnvVarsInLog = 0;
		};
		DBA4CF18DA734625B24A115A /* Copy Pods Resources */ = {
			isa = PBXShellScriptBuildPhase;
			buildActionMask = 2147483647;
			files = (
			);
			inputPaths = (
			);
			name = "Copy Pods Resources";
			outputPaths = (
			);
			runOnlyForDeploymentPostprocessing = 0;
			shellPath = /bin/sh;
			shellScript = "\"${SRCROOT}/Pods/Pods-nommit-resources.sh\"\n";
			showEnvVarsInLog = 0;
		};
/* End PBXShellScriptBuildPhase section */

/* Begin PBXSourcesBuildPhase section */
		8DD3FC2919B2512900DAFCDB /* Sources */ = {
			isa = PBXSourcesBuildPhase;
			buildActionMask = 2147483647;
			files = (
				83D6A9E219B822B8009A6D9B /* _NMOrder.m in Sources */,
				8D51D2A919B58DA500920F69 /* NMItemsCollectionViewController.m in Sources */,
				8DEED51C19B270D700EE227A /* NMFoodCell.m in Sources */,
				8DD3FC6C19B258F700DAFCDB /* NMColors.m in Sources */,
				8D51D2BE19B6A92000920F69 /* CHDigitInput.m in Sources */,
				8D51D2AC19B6382D00920F69 /* NMMiniItemView.m in Sources */,
				8D51D29419B3A43F00920F69 /* UIImage+ImageEffects.m in Sources */,
				83D6A9E119B822B8009A6D9B /* _NMFood.m in Sources */,
				8DEED51019B267A000EE227A /* HATransitionLayout.m in Sources */,
				8DEED50819B2673A00EE227A /* NMCollectionViewLargeLayout.m in Sources */,
				8DEED50F19B267A000EE227A /* HATransitionController.m in Sources */,
				83D6A9E519B822B8009A6D9B /* NMOrder.m in Sources */,
				8D51D2BB19B6A28700920F69 /* NMRibbonCell.m in Sources */,
				83FB6D0119B57D6700B808B6 /* NMOrderFoodOrderButtonCell.m in Sources */,
				8D51D29D19B509B400920F69 /* NMOrderFoodProgressCell.m in Sources */,
				8DD3FC3D19B2512900DAFCDB /* main.m in Sources */,
				83D6A9E419B822B8009A6D9B /* NMFood.m in Sources */,
				8D51D2AF19B6418000920F69 /* NMCollectionHeaderView.m in Sources */,
				8D51D2B619B6690900920F69 /* NMMenuNavigationController.m in Sources */,
				8332FC0F19B3D447000D56AB /* Models.xcdatamodeld in Sources */,
				8D51D29719B3BA9900920F69 /* NMOrderFoodInfoCell.m in Sources */,
				83D6A9E619B822B8009A6D9B /* NMUser.m in Sources */,
				8DEED51F19B299A000EE227A /* NMOrderFoodViewController.m in Sources */,
				83D6A9EC19B82A5B009A6D9B /* NMApi.m in Sources */,
				8DEED52719B29B0D00EE227A /* NMFoodItem.m in Sources */,
				83D6A9E319B822B8009A6D9B /* _NMUser.m in Sources */,
				8D51D2A019B51E3000920F69 /* NMOrderFoodDeliveryDetailsCell.m in Sources */,
				8DD3FC4119B2512900DAFCDB /* NMAppDelegate.m in Sources */,
				8DEED50519B2669F00EE227A /* NMCollectionViewSmallLayout.m in Sources */,
				831B796819B283C0009B9948 /* NMFoodsViewController.m in Sources */,
				8D51D2B319B6688200920F69 /* NMMenuViewController.m in Sources */,
				8D51D29019B3A3DD00920F69 /* MEExpandableHeaderView.m in Sources */,
			);
			runOnlyForDeploymentPostprocessing = 0;
		};
		8DD3FC4419B2512900DAFCDB /* Sources */ = {
			isa = PBXSourcesBuildPhase;
			buildActionMask = 2147483647;
			files = (
				8DD3FC5619B2512900DAFCDB /* nommitTests.m in Sources */,
			);
			runOnlyForDeploymentPostprocessing = 0;
		};
/* End PBXSourcesBuildPhase section */

/* Begin PBXTargetDependency section */
		8DD3FC4E19B2512900DAFCDB /* PBXTargetDependency */ = {
			isa = PBXTargetDependency;
			target = 8DD3FC2C19B2512900DAFCDB /* nommit */;
			targetProxy = 8DD3FC4D19B2512900DAFCDB /* PBXContainerItemProxy */;
		};
/* End PBXTargetDependency section */

/* Begin PBXVariantGroup section */
		8DD3FC3919B2512900DAFCDB /* InfoPlist.strings */ = {
			isa = PBXVariantGroup;
			children = (
				8DD3FC3A19B2512900DAFCDB /* en */,
			);
			name = InfoPlist.strings;
			sourceTree = "<group>";
		};
		8DD3FC5219B2512900DAFCDB /* InfoPlist.strings */ = {
			isa = PBXVariantGroup;
			children = (
				8DD3FC5319B2512900DAFCDB /* en */,
			);
			name = InfoPlist.strings;
			sourceTree = "<group>";
		};
/* End PBXVariantGroup section */

/* Begin XCBuildConfiguration section */
		8DD3FC5719B2512900DAFCDB /* Debug */ = {
			isa = XCBuildConfiguration;
			buildSettings = {
				ALWAYS_SEARCH_USER_PATHS = NO;
				CLANG_CXX_LANGUAGE_STANDARD = "gnu++0x";
				CLANG_CXX_LIBRARY = "libc++";
				CLANG_ENABLE_MODULES = YES;
				CLANG_ENABLE_OBJC_ARC = YES;
				CLANG_WARN_BOOL_CONVERSION = YES;
				CLANG_WARN_CONSTANT_CONVERSION = YES;
				CLANG_WARN_DIRECT_OBJC_ISA_USAGE = YES_ERROR;
				CLANG_WARN_EMPTY_BODY = YES;
				CLANG_WARN_ENUM_CONVERSION = YES;
				CLANG_WARN_INT_CONVERSION = YES;
				CLANG_WARN_OBJC_ROOT_CLASS = YES_ERROR;
				CLANG_WARN__DUPLICATE_METHOD_MATCH = YES;
				"CODE_SIGN_IDENTITY[sdk=iphoneos*]" = "iPhone Developer";
				COPY_PHASE_STRIP = NO;
				GCC_C_LANGUAGE_STANDARD = gnu99;
				GCC_DYNAMIC_NO_PIC = NO;
				GCC_OPTIMIZATION_LEVEL = 0;
				GCC_PREPROCESSOR_DEFINITIONS = (
					"DEBUG=1",
					"$(inherited)",
				);
				GCC_SYMBOLS_PRIVATE_EXTERN = NO;
				GCC_WARN_64_TO_32_BIT_CONVERSION = YES;
				GCC_WARN_ABOUT_RETURN_TYPE = YES_ERROR;
				GCC_WARN_UNDECLARED_SELECTOR = YES;
				GCC_WARN_UNINITIALIZED_AUTOS = YES_AGGRESSIVE;
				GCC_WARN_UNUSED_FUNCTION = YES;
				GCC_WARN_UNUSED_VARIABLE = YES;
				IPHONEOS_DEPLOYMENT_TARGET = 7.1;
				ONLY_ACTIVE_ARCH = YES;
				SDKROOT = iphoneos;
			};
			name = Debug;
		};
		8DD3FC5819B2512900DAFCDB /* Release */ = {
			isa = XCBuildConfiguration;
			buildSettings = {
				ALWAYS_SEARCH_USER_PATHS = NO;
				CLANG_CXX_LANGUAGE_STANDARD = "gnu++0x";
				CLANG_CXX_LIBRARY = "libc++";
				CLANG_ENABLE_MODULES = YES;
				CLANG_ENABLE_OBJC_ARC = YES;
				CLANG_WARN_BOOL_CONVERSION = YES;
				CLANG_WARN_CONSTANT_CONVERSION = YES;
				CLANG_WARN_DIRECT_OBJC_ISA_USAGE = YES_ERROR;
				CLANG_WARN_EMPTY_BODY = YES;
				CLANG_WARN_ENUM_CONVERSION = YES;
				CLANG_WARN_INT_CONVERSION = YES;
				CLANG_WARN_OBJC_ROOT_CLASS = YES_ERROR;
				CLANG_WARN__DUPLICATE_METHOD_MATCH = YES;
				"CODE_SIGN_IDENTITY[sdk=iphoneos*]" = "iPhone Developer";
				COPY_PHASE_STRIP = YES;
				ENABLE_NS_ASSERTIONS = NO;
				GCC_C_LANGUAGE_STANDARD = gnu99;
				GCC_WARN_64_TO_32_BIT_CONVERSION = YES;
				GCC_WARN_ABOUT_RETURN_TYPE = YES_ERROR;
				GCC_WARN_UNDECLARED_SELECTOR = YES;
				GCC_WARN_UNINITIALIZED_AUTOS = YES_AGGRESSIVE;
				GCC_WARN_UNUSED_FUNCTION = YES;
				GCC_WARN_UNUSED_VARIABLE = YES;
				IPHONEOS_DEPLOYMENT_TARGET = 7.1;
				SDKROOT = iphoneos;
				VALIDATE_PRODUCT = YES;
			};
			name = Release;
		};
		8DD3FC5A19B2512900DAFCDB /* Debug */ = {
			isa = XCBuildConfiguration;
			baseConfigurationReference = D2FDA88EF48045A4AE4BAF69 /* Pods-nommit.xcconfig */;
			buildSettings = {
				ASSETCATALOG_COMPILER_APPICON_NAME = AppIcon;
				ASSETCATALOG_COMPILER_LAUNCHIMAGE_NAME = LaunchImage;
				FRAMEWORK_SEARCH_PATHS = (
					"$(inherited)",
					"$(DEVELOPER_FRAMEWORKS_DIR)",
				);
				GCC_PRECOMPILE_PREFIX_HEADER = YES;
				GCC_PREFIX_HEADER = "nommit/nommit-Prefix.pch";
				INFOPLIST_FILE = "nommit/nommit-Info.plist";
				PRODUCT_NAME = "$(TARGET_NAME)";
				WRAPPER_EXTENSION = app;
			};
			name = Debug;
		};
		8DD3FC5B19B2512900DAFCDB /* Release */ = {
			isa = XCBuildConfiguration;
			baseConfigurationReference = D2FDA88EF48045A4AE4BAF69 /* Pods-nommit.xcconfig */;
			buildSettings = {
				ASSETCATALOG_COMPILER_APPICON_NAME = AppIcon;
				ASSETCATALOG_COMPILER_LAUNCHIMAGE_NAME = LaunchImage;
				FRAMEWORK_SEARCH_PATHS = (
					"$(inherited)",
					"$(DEVELOPER_FRAMEWORKS_DIR)",
				);
				GCC_PRECOMPILE_PREFIX_HEADER = YES;
				GCC_PREFIX_HEADER = "nommit/nommit-Prefix.pch";
				INFOPLIST_FILE = "nommit/nommit-Info.plist";
				PRODUCT_NAME = "$(TARGET_NAME)";
				WRAPPER_EXTENSION = app;
			};
			name = Release;
		};
		8DD3FC5D19B2512900DAFCDB /* Debug */ = {
			isa = XCBuildConfiguration;
			buildSettings = {
				BUNDLE_LOADER = "$(BUILT_PRODUCTS_DIR)/nommit.app/nommit";
				FRAMEWORK_SEARCH_PATHS = (
					"$(SDKROOT)/Developer/Library/Frameworks",
					"$(inherited)",
					"$(DEVELOPER_FRAMEWORKS_DIR)",
				);
				GCC_PRECOMPILE_PREFIX_HEADER = YES;
				GCC_PREFIX_HEADER = "nommit/nommit-Prefix.pch";
				GCC_PREPROCESSOR_DEFINITIONS = (
					"DEBUG=1",
					"$(inherited)",
				);
				INFOPLIST_FILE = "nommitTests/nommitTests-Info.plist";
				PRODUCT_NAME = "$(TARGET_NAME)";
				TEST_HOST = "$(BUNDLE_LOADER)";
				WRAPPER_EXTENSION = xctest;
			};
			name = Debug;
		};
		8DD3FC5E19B2512900DAFCDB /* Release */ = {
			isa = XCBuildConfiguration;
			buildSettings = {
				BUNDLE_LOADER = "$(BUILT_PRODUCTS_DIR)/nommit.app/nommit";
				FRAMEWORK_SEARCH_PATHS = (
					"$(SDKROOT)/Developer/Library/Frameworks",
					"$(inherited)",
					"$(DEVELOPER_FRAMEWORKS_DIR)",
				);
				GCC_PRECOMPILE_PREFIX_HEADER = YES;
				GCC_PREFIX_HEADER = "nommit/nommit-Prefix.pch";
				INFOPLIST_FILE = "nommitTests/nommitTests-Info.plist";
				PRODUCT_NAME = "$(TARGET_NAME)";
				TEST_HOST = "$(BUNDLE_LOADER)";
				WRAPPER_EXTENSION = xctest;
			};
			name = Release;
		};
/* End XCBuildConfiguration section */

/* Begin XCConfigurationList section */
		8DD3FC2819B2512900DAFCDB /* Build configuration list for PBXProject "nommit" */ = {
			isa = XCConfigurationList;
			buildConfigurations = (
				8DD3FC5719B2512900DAFCDB /* Debug */,
				8DD3FC5819B2512900DAFCDB /* Release */,
			);
			defaultConfigurationIsVisible = 0;
			defaultConfigurationName = Release;
		};
		8DD3FC5919B2512900DAFCDB /* Build configuration list for PBXNativeTarget "nommit" */ = {
			isa = XCConfigurationList;
			buildConfigurations = (
				8DD3FC5A19B2512900DAFCDB /* Debug */,
				8DD3FC5B19B2512900DAFCDB /* Release */,
			);
			defaultConfigurationIsVisible = 0;
			defaultConfigurationName = Release;
		};
		8DD3FC5C19B2512900DAFCDB /* Build configuration list for PBXNativeTarget "nommitTests" */ = {
			isa = XCConfigurationList;
			buildConfigurations = (
				8DD3FC5D19B2512900DAFCDB /* Debug */,
				8DD3FC5E19B2512900DAFCDB /* Release */,
			);
			defaultConfigurationIsVisible = 0;
			defaultConfigurationName = Release;
		};
/* End XCConfigurationList section */

/* Begin XCVersionGroup section */
		8332FC0D19B3D447000D56AB /* Models.xcdatamodeld */ = {
			isa = XCVersionGroup;
			children = (
				83D6A9D419B821BD009A6D9B /* V1.xcdatamodel */,
				8332FC0E19B3D447000D56AB /* Current.xcdatamodel */,
			);
			currentVersion = 8332FC0E19B3D447000D56AB /* Current.xcdatamodel */;
			path = Models.xcdatamodeld;
			sourceTree = "<group>";
			versionGroupType = wrapper.xcdatamodel;
		};
/* End XCVersionGroup section */
	};
	rootObject = 8DD3FC2519B2512900DAFCDB /* Project object */;
}
