PODS:
  - AFNetworking (2.4.1):
    - AFNetworking/NSURLConnection
    - AFNetworking/NSURLSession
    - AFNetworking/Reachability
    - AFNetworking/Security
    - AFNetworking/Serialization
    - AFNetworking/UIKit
  - AFNetworking/NSURLConnection (2.4.1):
    - AFNetworking/Reachability
    - AFNetworking/Security
    - AFNetworking/Serialization
  - AFNetworking/NSURLSession (2.4.1):
    - AFNetworking/Reachability
    - AFNetworking/Security
    - AFNetworking/Serialization
  - AFNetworking/Reachability (2.4.1)
  - AFNetworking/Security (2.4.1)
  - AFNetworking/Serialization (2.4.1)
  - AFNetworking/UIKit (2.4.1):
    - AFNetworking/NSURLConnection
    - AFNetworking/NSURLSession
  - AKNumericFormatter (0.0.2)
  - APParallaxHeader (0.1.6)
  - Bolts (1.1.3)
  - CPKenburnsSlideshowView (1.1.4):
    - CPKenburnsView
  - CPKenburnsView (1.0.1)
  - DBCamera (2.3.5):
    - GPUImage (~> 0.1)
  - DropdownMenu (1.0.0)
  - Facebook-iOS-SDK (3.19.0):
    - Bolts (~> 1.0)
  - FontAwesomeKit (2.1.8):
    - FontAwesomeKit/Core
    - FontAwesomeKit/FontAwesome
    - FontAwesomeKit/FoundationIcons
    - FontAwesomeKit/IonIcons
    - FontAwesomeKit/Zocial
  - FontAwesomeKit/Core (2.1.8)
  - FontAwesomeKit/FontAwesome (2.1.8):
    - FontAwesomeKit/Core
  - FontAwesomeKit/FoundationIcons (2.1.8):
    - FontAwesomeKit/Core
  - FontAwesomeKit/IonIcons (2.1.8):
    - FontAwesomeKit/Core
  - FontAwesomeKit/Zocial (2.1.8):
    - FontAwesomeKit/Core
  - FormatterKit (1.7.1):
    - FormatterKit/AddressFormatter
    - FormatterKit/ArrayFormatter
    - FormatterKit/ColorFormatter
    - FormatterKit/LocationFormatter
    - FormatterKit/NameFormatter
    - FormatterKit/OrdinalNumberFormatter
    - FormatterKit/TimeIntervalFormatter
    - FormatterKit/UnitOfInformationFormatter
    - FormatterKit/URLRequestFormatter
  - FormatterKit/AddressFormatter (1.7.1)
  - FormatterKit/ArrayFormatter (1.7.1)
  - FormatterKit/ColorFormatter (1.7.1)
  - FormatterKit/LocationFormatter (1.7.1)
  - FormatterKit/NameFormatter (1.7.1)
  - FormatterKit/OrdinalNumberFormatter (1.7.1)
  - FormatterKit/TimeIntervalFormatter (1.7.1)
  - FormatterKit/UnitOfInformationFormatter (1.7.1)
  - FormatterKit/URLRequestFormatter (1.7.1)
  - FXBlurView (1.6.3)
  - GPUImage (0.1.6)
  - INTULocationManager (1.2.0)
  - JVFloatLabeledTextField (0.0.9)
  - libPhoneNumber-iOS (0.7.3)
  - Lockbox (2.0.0)
  - M13Checkbox (1.1.2)
  - MagicalRecord (2.2):
    - MagicalRecord/Core
  - MagicalRecord/Core (2.2)
  - Mantle (1.5.1):
    - Mantle/extobjc
  - Mantle/extobjc (1.5.1)
  - Mixpanel (2.5.4)
  - MZTimerLabel (0.4.4)
  - Overcoat (2.0.2):
    - Overcoat/NSURLSession
  - Overcoat/Core (2.0.2):
    - AFNetworking (~> 2.0)
    - Mantle (~> 1.3)
  - Overcoat/NSURLSession (2.0.2):
    - Overcoat/Core
  - ParallaxBlur (0.1.4):
    - FXBlurView (~> 1.6.2)
  - PaymentKit (1.1)
  - RateView (1.1)
  - REFrostedViewController (2.4.7)
  - SIAlertView (1.3)
  - Stripe (2.2.0):
    - Stripe/Core
  - Stripe/Core (2.2.0)
  - SVProgressHUD (1.0)
  - TTTAttributedLabel (1.10.1)
  - TYMProgressBarView (0.3.0)

DEPENDENCIES:
  - AFNetworking
  - AKNumericFormatter
  - APParallaxHeader (from `https://github.com/loopyz/APParallaxHeader.git`)
  - CPKenburnsSlideshowView
  - DBCamera
  - DropdownMenu
  - Facebook-iOS-SDK
  - FontAwesomeKit (~> 2.1.0)
  - FormatterKit
  - INTULocationManager
  - JVFloatLabeledTextField
  - libPhoneNumber-iOS (~> 0.7)
  - Lockbox
  - M13Checkbox (~> 1.1.0)
  - MagicalRecord
  - Mixpanel
  - MZTimerLabel
  - Overcoat (from `https://github.com/Jarred-Sumner/Overcoat`)
  - ParallaxBlur
  - PaymentKit (from `https://github.com/loopyz/PaymentKit.git`)
  - RateView
  - REFrostedViewController
  - SIAlertView
  - Stripe
  - SVProgressHUD
  - TTTAttributedLabel
  - TYMProgressBarView

EXTERNAL SOURCES:
  APParallaxHeader:
    :git: https://github.com/loopyz/APParallaxHeader.git
  Overcoat:
    :git: https://github.com/Jarred-Sumner/Overcoat
  PaymentKit:
    :git: https://github.com/loopyz/PaymentKit.git

SPEC CHECKSUMS:
  AFNetworking: 0aabc6fae66d6e5d039eeb21c315843c7aae51ab
  AKNumericFormatter: 1e139772f4b4e6cea99fbfc8a4ca091dcef01576
  APParallaxHeader: 5369815639059caa4e195a178c020f8e2b998336
  Bolts: 3db0a875235e0c9042b013af13af0f00f79b102c
  CPKenburnsSlideshowView: 7f82d09ab044674bbe7fd0cc3c68be5cebbd5d04
  CPKenburnsView: 451143c38649df6f27f72ad579bf178e690564ba
  DBCamera: 0095227e0d2d0292c5a2cc400fe75687120e6f29
  DropdownMenu: ad71a2fcb932cc04a4f7c29aadaf2e8ed0c08e42
  Facebook-iOS-SDK: cb7d74759d0b1ba546e6e6f1dde407b0d4e448d6
  FontAwesomeKit: a2edea3111dab107b4cc43b85881b404eb063385
  FormatterKit: 877ff970af3feb2f602ced0a9420e9fbc25f568c
  FXBlurView: abe1046285813c4f6e9008abbc324fc5ab32af90
  GPUImage: cecb0830bb9428f50192042e3c7b53810f51388e
  INTULocationManager: 596c57e35a00ca1ee9d59bf4cc2b63dc299b580e
  JVFloatLabeledTextField: b6c7d824d231b3c01d14692feada878808480af8
  libPhoneNumber-iOS: 98fc07d70c8fdb5e6a8e3442c37e97353065c20e
  Lockbox: d1bada30011f98141383da4f2e8df9cc5e8bcf0f
  M13Checkbox: e87ebe28627368b1c6d2233282d711a3854dfe3f
  MagicalRecord: 2b471584fc9e3137f3d0a56967917baa4979e224
  Mantle: d7c5ac734579ec751c58fecbf56189853056c58c
  Mixpanel: 87167a0b0a74f11f0ee3787f291357494730617c
  MZTimerLabel: e3088c90eb78bdda642651b818ec8ed22e0a8f4d
  Overcoat: eaf16bf5ce15cd9571405173ac1d8271d3f1cb07
  ParallaxBlur: 149ea077dec9264fc12bc04490cd05ff0e170e1d
  PaymentKit: 9c74e84fdf906b4ec5ee822c3dc6a19ae18df194
  RateView: 4142c146bd42fe7715adc3365fa2ffd71ff327e0
  REFrostedViewController: 08870a24788191339608b80b2bd4fce549858f0d
  SIAlertView: d00609a1faa9d82f17b9f0b4eede64e84a577b10
  Stripe: 935d0ff491100ca1ba0f4040c64e449c5ed69f6d
  SVProgressHUD: 5034c6e22b8c2ca3e09402e48d41ed0340aa1c50
  TTTAttributedLabel: 94bb04f1e005616002dd2cee0262a0082e533627
  TYMProgressBarView: 3798cb41cb7eea63714d5db5793c06f31e37b4d5

COCOAPODS: 0.34.4
