PODS:
  - AFNetworking (2.3.1):
    - AFNetworking/NSURLConnection
    - AFNetworking/NSURLSession
    - AFNetworking/Reachability
    - AFNetworking/Security
    - AFNetworking/Serialization
    - AFNetworking/UIKit
  - AFNetworking/NSURLConnection (2.3.1):
    - AFNetworking/Reachability
    - AFNetworking/Security
    - AFNetworking/Serialization
  - AFNetworking/NSURLSession (2.3.1):
    - AFNetworking/Reachability
    - AFNetworking/Security
    - AFNetworking/Serialization
  - AFNetworking/Reachability (2.3.1)
  - AFNetworking/Security (2.3.1)
  - AFNetworking/Serialization (2.3.1)
  - AFNetworking/UIKit (2.3.1):
    - AFNetworking/NSURLConnection
    - AFNetworking/NSURLSession
  - AMSmoothAlert (1.1):
    - GPUImage
  - APParallaxHeader (0.1.6)
  - Bolts (1.1.2)
  - DBCamera (2.3.4):
    - GPUImage (~> 0.1)
  - DropdownMenu (1.0.0)
  - Facebook-iOS-SDK (3.17.0):
    - Bolts
  - FormatterKit (1.7.0):
    - FormatterKit/AddressFormatter
    - FormatterKit/ArrayFormatter
    - FormatterKit/ColorFormatter
    - FormatterKit/LocationFormatter
    - FormatterKit/NameFormatter
    - FormatterKit/OrdinalNumberFormatter
    - FormatterKit/TimeIntervalFormatter
    - FormatterKit/UnitOfInformationFormatter
    - FormatterKit/URLRequestFormatter
  - FormatterKit/AddressFormatter (1.7.0)
  - FormatterKit/ArrayFormatter (1.7.0)
  - FormatterKit/ColorFormatter (1.7.0)
  - FormatterKit/LocationFormatter (1.7.0)
  - FormatterKit/NameFormatter (1.7.0)
  - FormatterKit/OrdinalNumberFormatter (1.7.0)
  - FormatterKit/TimeIntervalFormatter (1.7.0)
  - FormatterKit/UnitOfInformationFormatter (1.7.0)
  - FormatterKit/URLRequestFormatter (1.7.0)
  - GPUImage (0.1.5)
  - INTULocationManager (1.2.0)
  - JCAutocompletingSearch (0.9.6)
  - JVFloatLabeledTextField (0.0.9)
  - Lockbox (1.4.9)
  - M13Checkbox (1.1.2)
  - MagicalRecord (2.2):
    - MagicalRecord/Core
  - MagicalRecord/Core (2.2)
  - Mantle (1.5):
    - Mantle/extobjc
  - Mantle/extobjc (1.5)
  - MGBoxKit (7.0.1):
    - MGEvents
    - MGMushParser
  - MGEvents (1.0.3)
  - MGMushParser (1.0.0)
  - Overcoat (2.0.2):
    - Overcoat/NSURLSession
  - Overcoat/Core (2.0.2):
    - AFNetworking (~> 2.0)
    - Mantle (~> 1.3)
  - Overcoat/NSURLSession (2.0.2):
    - Overcoat/Core
  - PaymentKit (1.0.5)
  - RateView (1.1)
  - REFrostedViewController (2.4.6)
  - SIAlertView (1.3)
  - Stripe (1.2)
  - SVProgressHUD (1.0)
  - TYMProgressBarView (0.3.0)

DEPENDENCIES:
  - AFNetworking
  - AMSmoothAlert
  - APParallaxHeader
  - DBCamera
  - DropdownMenu
  - Facebook-iOS-SDK
  - FormatterKit
  - INTULocationManager
  - JCAutocompletingSearch
  - JVFloatLabeledTextField
  - Lockbox
  - M13Checkbox (~> 1.1.0)
  - MagicalRecord
  - MGBoxKit
  - Overcoat
  - PaymentKit
  - RateView
  - REFrostedViewController
  - SIAlertView
  - Stripe
  - SVProgressHUD
  - TYMProgressBarView

SPEC CHECKSUMS:
  AFNetworking: 6d7b76aa5d04c8c37daad3eef4b7e3f2a7620da3
  AMSmoothAlert: 1b4bf6688b698a606a963c336b5060490f4d3db2
  APParallaxHeader: 6e7cc27c052be34e1a5655dc2fab6c40eecbbe55
  Bolts: 2635e8698a630774689441047f3465d78c48d485
  DBCamera: d78a9f58aaf29d0a0811baa8cea747c7d7e80923
  DropdownMenu: ad71a2fcb932cc04a4f7c29aadaf2e8ed0c08e42
  Facebook-iOS-SDK: f20274d809f112ba540842e2b6cbe50128d51b7b
  FormatterKit: 846ca773b9daaa13b50ae0df1f4a328d030d859c
  GPUImage: 5114a47f5fc33eb312f3731550a3cea379416d04
  INTULocationManager: 596c57e35a00ca1ee9d59bf4cc2b63dc299b580e
  JCAutocompletingSearch: cf30ed8eded452d2ec52efd9c57c4b6467e5d266
  JVFloatLabeledTextField: b6c7d824d231b3c01d14692feada878808480af8
  Lockbox: cfe87dbbce6b5c6d7cfeefc3fe6594ef55919b11
  M13Checkbox: e87ebe28627368b1c6d2233282d711a3854dfe3f
  MagicalRecord: 2b471584fc9e3137f3d0a56967917baa4979e224
  Mantle: c67a7e45e14196ed42b2a7cbb98ff6a9920e6b92
  MGBoxKit: 86493ff76fb2164a32426418a1a900c84edd0ffa
  MGEvents: e6254d7873bcb90b266801d171f9948194010927
  MGMushParser: 2c28a4e5c5938da9dcc1fbb090347e5ff575fc5b
  Overcoat: a9504cd1f0389641526ba1784592503c012c4b5f
  PaymentKit: 14b54835f57ae9e2bf5628140fcd67001740cba2
  RateView: 4142c146bd42fe7715adc3365fa2ffd71ff327e0
  REFrostedViewController: 0f6bb16aeb4b384da25cc3c97bc1a16926583c62
  SIAlertView: d00609a1faa9d82f17b9f0b4eede64e84a577b10
  Stripe: 332d4942590c9b57a52d2b62a140cc2088907db8
  SVProgressHUD: 5034c6e22b8c2ca3e09402e48d41ed0340aa1c50
  TYMProgressBarView: 3798cb41cb7eea63714d5db5793c06f31e37b4d5

COCOAPODS: 0.33.1
